
Microsoft Visual Studio Solution File, Format Version 12.00
# Visual Studio 15
VisualStudioVersion = 15.0.28307.136
MinimumVisualStudioVersion = 10.0.40219.1
Project("{FAE04EC0-301F-11D3-BF4B-00C04F79EFBC}") = "Simple", "Simple\Simple.csproj", "{55837766-AF78-44FB-9A34-AE551D0363C8}"
EndProject
Global
	GlobalSection(SolutionConfigurationPlatforms) = preSolution
		Debug|Any CPU = Debug|Any CPU
		Release|Any CPU = Release|Any CPU
	EndGlobalSection
	GlobalSection(ProjectConfigurationPlatforms) = postSolution
		{55837766-AF78-44FB-9A34-AE551D0363C8}.Debug|Any CPU.ActiveCfg = Debug|Any CPU
		{55837766-AF78-44FB-9A34-AE551D0363C8}.Debug|Any CPU.Build.0 = Debug|Any CPU
		{55837766-AF78-44FB-9A34-AE551D0363C8}.Release|Any CPU.ActiveCfg = Release|Any CPU
		{55837766-AF78-44FB-9A34-AE551D0363C8}.Release|Any CPU.Build.0 = Release|Any CPU
	EndGlobalSection
	GlobalSection(SolutionProperties) = preSolution
		HideSolutionNode = FALSE
	EndGlobalSection
	GlobalSection(ExtensibilityGlobals) = postSolution
		SolutionGuid = {3A0DC671-0987-4727-8DEE-3BF70C3153F9}
	EndGlobalSection
EndGlobal
