
Microsoft Visual Studio Solution File, Format Version 12.00
# Visual Studio 15
VisualStudioVersion = 15.0.28307.168
MinimumVisualStudioVersion = 10.0.40219.1
Project("{FAE04EC0-301F-11D3-BF4B-00C04F79EFBC}") = "SimpleWpfApp", "SimpleWpfApp\SimpleWpfApp.csproj", "{1941A982-AB29-4E64-AF9E-86CA32F2CB00}"
EndProject
Global
	GlobalSection(SolutionConfigurationPlatforms) = preSolution
		Debug|Any CPU = Debug|Any CPU
		Release|Any CPU = Release|Any CPU
	EndGlobalSection
	GlobalSection(ProjectConfigurationPlatforms) = postSolution
		{1941A982-AB29-4E64-AF9E-86CA32F2CB00}.Debug|Any CPU.ActiveCfg = Debug|Any CPU
		{1941A982-AB29-4E64-AF9E-86CA32F2CB00}.Debug|Any CPU.Build.0 = Debug|Any CPU
		{1941A982-AB29-4E64-AF9E-86CA32F2CB00}.Release|Any CPU.ActiveCfg = Release|Any CPU
		{1941A982-AB29-4E64-AF9E-86CA32F2CB00}.Release|Any CPU.Build.0 = Release|Any CPU
	EndGlobalSection
	GlobalSection(SolutionProperties) = preSolution
		HideSolutionNode = FALSE
	EndGlobalSection
	GlobalSection(ExtensibilityGlobals) = postSolution
		SolutionGuid = {E3163014-4BFE-4200-B7AB-F4169C07BD0C}
	EndGlobalSection
EndGlobal
